{
  "name": "bcash-interlinker",
  "version": "1.0.0",
  "lockfileVersion": 1,
  "requires": true,
  "dependencies": {
    "bcash": {
      "version": "1.1.0",
      "resolved": "https://registry.npmjs.org/bcash/-/bcash-1.1.0.tgz",
      "integrity": "sha512-wewnr5QtdWlt4AtLh3cF78Xv0pvHndUkDFaqGWVTEFnYxIe5DHPEiORiOLG+Hg7XKbOZGSMtrQzQSTHo2h/W2A==",
      "requires": {
        "bcfg": "~0.1.3",
        "bclient": "~0.1.4",
        "bcrypto": "~2.0.0",
        "bdb": "~1.1.1",
        "bdns": "~0.1.2",
        "bevent": "~0.1.2",
        "bfile": "~0.1.2",
        "bfilter": "~1.0.1",
        "bheep": "~0.1.2",
        "binet": "~0.3.2",
        "blgr": "~0.1.2",
        "blru": "~0.1.3",
        "blst": "~0.1.2",
        "bmutex": "~0.1.3",
        "bsert": "~0.0.4",
        "bsip": "~0.1.2",
        "bsock": "~0.1.3",
        "bsocks": "~0.2.2",
        "bstring": "~0.3.2",
        "btcp": "~0.1.2",
        "buffer-map": "~0.0.3",
        "bufio": "~1.0.2",
        "bupnp": "~0.2.3",
        "bval": "~0.1.3",
        "bweb": "~0.1.4",
        "mrmr": "~0.1.2",
        "n64": "~0.2.2"
      },
      "dependencies": {
        "bcrypto": {
          "version": "2.0.0",
          "resolved": "https://registry.npmjs.org/bcrypto/-/bcrypto-2.0.0.tgz",
          "integrity": "sha512-j4TtmOQDsaKDV2Xf0ksgsgCQCV2EsH1O8f1vNMOtUiSlGa1RjXCB/iKVu1gErjjeCqchnMaqOXMkiMGT6yeqvQ==",
          "requires": {
            "bindings": "~1.3.0",
            "bsert": "~0.0.4",
            "bufio": "~1.0.2",
            "nan": "~2.11.0"
          }
        },
        "bufio": {
          "version": "1.0.3",
          "resolved": "https://registry.npmjs.org/bufio/-/bufio-1.0.3.tgz",
          "integrity": "sha512-3JCclITd40pHhAZX9zboZzTv35UJPrtXeY4KnI1KZb5nHWDtzzr04J8DGeSBFXjDnI6ObcJ6gbmUhWMQKub4xQ=="
        },
        "nan": {
          "version": "2.11.1",
          "resolved": "https://registry.npmjs.org/nan/-/nan-2.11.1.tgz",
          "integrity": "sha512-iji6k87OSXa0CcrLl9z+ZiYSuR2o+c0bGuNmXdrhTQTakxytAFsC56SArGYoiHlJlFoHSnvmhpceZJaXkVuOtA=="
        }
      }
    },
    "bcfg": {
      "version": "0.1.4",
      "resolved": "https://registry.npmjs.org/bcfg/-/bcfg-0.1.4.tgz",
      "integrity": "sha512-tgweKJnFlFqg/QA3l+9i4cSJTHPcABrBriRZkUd+MM9mUCv8tBqAZFoykR0Cn3Fi9ygJ/pyWfmjDkRVZQwvPkQ==",
      "requires": {
        "bsert": "~0.0.5"
      },
      "dependencies": {
        "bsert": {
          "version": "0.0.5",
          "resolved": "https://registry.npmjs.org/bsert/-/bsert-0.0.5.tgz",
          "integrity": "sha512-prgSa82RHcsdEM7SKYl1S7j0tKeiE3SF8C3B39MyUrpbP66diJK16RIkbFC2pXvQx4xitN0xMgBHKBAgBldX1w=="
        }
      }
    },
    "bclient": {
      "version": "0.1.5",
      "resolved": "https://registry.npmjs.org/bclient/-/bclient-0.1.5.tgz",
      "integrity": "sha512-LtlH6i66dVIztUVyd2ItU3sRwNT/+X/zIEXP5wxz8boP0tARIRjCB1THoYg6PtPaONZ+k/W2VkzYl9XjWTsOpQ==",
      "requires": {
        "bcfg": "~0.1.4",
        "bcurl": "~0.1.4",
        "bsert": "~0.0.5"
      },
      "dependencies": {
        "bsert": {
          "version": "0.0.5",
          "resolved": "https://registry.npmjs.org/bsert/-/bsert-0.0.5.tgz",
          "integrity": "sha512-prgSa82RHcsdEM7SKYl1S7j0tKeiE3SF8C3B39MyUrpbP66diJK16RIkbFC2pXvQx4xitN0xMgBHKBAgBldX1w=="
        }
      }
    },
    "bcrypto": {
      "version": "1.1.0",
      "resolved": "https://registry.npmjs.org/bcrypto/-/bcrypto-1.1.0.tgz",
      "integrity": "sha512-XOXwwnqnhH+9ASVHUtBP/tfzszHZ+TD5DMkER27OwF3wBUS8Rg/tnmfXRQ/h5hsrl5qPiTVtjsD6LjFvzgAIgw==",
      "requires": {
        "bindings": "~1.3.0",
        "bsert": "~0.0.4",
        "bufio": "~1.0.1",
        "nan": "~2.10.0"
      }
    },
    "bcurl": {
      "version": "0.1.4",
      "resolved": "https://registry.npmjs.org/bcurl/-/bcurl-0.1.4.tgz",
      "integrity": "sha512-wy+/9uBQWrcNcMy4qCl241qATNnB0evBO5oTJboINXXG3c152wDyEnedAvypkOp4Mh0fYrlsO6yYr5RmRXnVIQ==",
      "requires": {
        "brq": "~0.1.4",
        "bsert": "~0.0.5",
        "bsock": "~0.1.4"
      },
      "dependencies": {
        "bsert": {
          "version": "0.0.5",
          "resolved": "https://registry.npmjs.org/bsert/-/bsert-0.0.5.tgz",
          "integrity": "sha512-prgSa82RHcsdEM7SKYl1S7j0tKeiE3SF8C3B39MyUrpbP66diJK16RIkbFC2pXvQx4xitN0xMgBHKBAgBldX1w=="
        }
      }
    },
    "bdb": {
      "version": "1.1.3",
      "resolved": "https://registry.npmjs.org/bdb/-/bdb-1.1.3.tgz",
      "integrity": "sha512-FlbhD7vSFuh0yxM1Vmg/m+gS1dtM4uoESFz9NTgtR3doJ5XBa30XPvxV++AbYObT/46Z7EHfbJNlXc6cmGuvPw==",
      "requires": {
        "bindings": "~1.3.1",
        "bsert": "~0.0.5",
        "nan": "~2.11.1"
      },
      "dependencies": {
        "bindings": {
          "version": "1.3.1",
          "resolved": "https://registry.npmjs.org/bindings/-/bindings-1.3.1.tgz",
          "integrity": "sha512-i47mqjF9UbjxJhxGf+pZ6kSxrnI3wBLlnGI2ArWJ4r0VrvDS7ZYXkprq/pLaBWYq4GM0r4zdHY+NNRqEMU7uew=="
        },
        "bsert": {
          "version": "0.0.5",
          "resolved": "https://registry.npmjs.org/bsert/-/bsert-0.0.5.tgz",
          "integrity": "sha512-prgSa82RHcsdEM7SKYl1S7j0tKeiE3SF8C3B39MyUrpbP66diJK16RIkbFC2pXvQx4xitN0xMgBHKBAgBldX1w=="
        },
        "nan": {
          "version": "2.11.1",
          "resolved": "https://registry.npmjs.org/nan/-/nan-2.11.1.tgz",
          "integrity": "sha512-iji6k87OSXa0CcrLl9z+ZiYSuR2o+c0bGuNmXdrhTQTakxytAFsC56SArGYoiHlJlFoHSnvmhpceZJaXkVuOtA=="
        }
      }
    },
    "bdns": {
      "version": "0.1.3",
      "resolved": "https://registry.npmjs.org/bdns/-/bdns-0.1.3.tgz",
      "integrity": "sha512-d071TLX00NZCqhKNspsKU8N8ApqqVizSEdEB7bCE5tUQgFS1UMHjnN0C8HDd5kRYwIX3jAIsN+oNgREvZCGOcA==",
      "requires": {
        "bsert": "~0.0.5"
      },
      "dependencies": {
        "bsert": {
          "version": "0.0.5",
          "resolved": "https://registry.npmjs.org/bsert/-/bsert-0.0.5.tgz",
          "integrity": "sha512-prgSa82RHcsdEM7SKYl1S7j0tKeiE3SF8C3B39MyUrpbP66diJK16RIkbFC2pXvQx4xitN0xMgBHKBAgBldX1w=="
        }
      }
    },
    "bevent": {
      "version": "0.1.3",
      "resolved": "https://registry.npmjs.org/bevent/-/bevent-0.1.3.tgz",
      "integrity": "sha512-bTsC1MSSWxn0E0OrjrY8j/Sz/C2u3FuAhaO2CaEyc5a5uLwcvC8MK9b14oW0fW/k0AGKQHkuebJOI1RRzArBFQ==",
      "requires": {
        "bsert": "~0.0.5"
      },
      "dependencies": {
        "bsert": {
          "version": "0.0.5",
          "resolved": "https://registry.npmjs.org/bsert/-/bsert-0.0.5.tgz",
          "integrity": "sha512-prgSa82RHcsdEM7SKYl1S7j0tKeiE3SF8C3B39MyUrpbP66diJK16RIkbFC2pXvQx4xitN0xMgBHKBAgBldX1w=="
        }
      }
    },
    "bfile": {
      "version": "0.1.3",
      "resolved": "https://registry.npmjs.org/bfile/-/bfile-0.1.3.tgz",
      "integrity": "sha512-7OScx3u416zFsloaN2CyVXRwVAOJdFBpNrpvGlUbkVD2gEzpj+d7/38MInEXnFtcmErDiY1DFR2URBT4J/7kRg=="
    },
    "bfilter": {
      "version": "1.0.3",
      "resolved": "https://registry.npmjs.org/bfilter/-/bfilter-1.0.3.tgz",
      "integrity": "sha512-ZLTgwK+licMF/dY+H3gnvT0tcYDZKTVwiKVdmXIS3W0wXHVZptg18Cc/zvlFyo4QiCHjVpxAZb5Yb376M/w90Q==",
      "requires": {
        "bsert": "~0.0.5",
        "bufio": "~1.0.3",
        "mrmr": "~0.1.4"
      },
      "dependencies": {
        "bsert": {
          "version": "0.0.5",
          "resolved": "https://registry.npmjs.org/bsert/-/bsert-0.0.5.tgz",
          "integrity": "sha512-prgSa82RHcsdEM7SKYl1S7j0tKeiE3SF8C3B39MyUrpbP66diJK16RIkbFC2pXvQx4xitN0xMgBHKBAgBldX1w=="
        },
        "bufio": {
          "version": "1.0.3",
          "resolved": "https://registry.npmjs.org/bufio/-/bufio-1.0.3.tgz",
          "integrity": "sha512-3JCclITd40pHhAZX9zboZzTv35UJPrtXeY4KnI1KZb5nHWDtzzr04J8DGeSBFXjDnI6ObcJ6gbmUhWMQKub4xQ=="
        }
      }
    },
    "bheep": {
      "version": "0.1.3",
      "resolved": "https://registry.npmjs.org/bheep/-/bheep-0.1.3.tgz",
      "integrity": "sha512-Epqqqokl8M0o2qPx/3Z4OPxzGVFmp3JTQubzoUfWD7uucx5x3opRvcPA/UltLrSL9/b2LA+KIg1s/zyPlpGyrQ==",
      "requires": {
        "bsert": "~0.0.5"
      },
      "dependencies": {
        "bsert": {
          "version": "0.0.5",
          "resolved": "https://registry.npmjs.org/bsert/-/bsert-0.0.5.tgz",
          "integrity": "sha512-prgSa82RHcsdEM7SKYl1S7j0tKeiE3SF8C3B39MyUrpbP66diJK16RIkbFC2pXvQx4xitN0xMgBHKBAgBldX1w=="
        }
      }
    },
    "bindings": {
      "version": "1.3.0",
      "resolved": "https://registry.npmjs.org/bindings/-/bindings-1.3.0.tgz",
      "integrity": "sha512-DpLh5EzMR2kzvX1KIlVC0VkC3iZtHKTgdtZ0a3pglBZdaQFjt5S9g9xd1lE+YvXyfd6mtCeRnrUfOLYiTMlNSw=="
    },
    "binet": {
      "version": "0.3.3",
      "resolved": "https://registry.npmjs.org/binet/-/binet-0.3.3.tgz",
      "integrity": "sha512-EQX5k4WfYDkDhiKyK11Z90jkTLC9yAw4luSpr7+zfT0VW+/fy4Zizf3FoRyAtI7CWV803NybAcfDZz94wAtziA==",
      "requires": {
        "bs32": "~0.1.3",
        "bsert": "~0.0.5"
      },
      "dependencies": {
        "bsert": {
          "version": "0.0.5",
          "resolved": "https://registry.npmjs.org/bsert/-/bsert-0.0.5.tgz",
          "integrity": "sha512-prgSa82RHcsdEM7SKYl1S7j0tKeiE3SF8C3B39MyUrpbP66diJK16RIkbFC2pXvQx4xitN0xMgBHKBAgBldX1w=="
        }
      }
    },
    "blgr": {
      "version": "0.1.4",
      "resolved": "https://registry.npmjs.org/blgr/-/blgr-0.1.4.tgz",
      "integrity": "sha512-eAYRZxI0mtInsANQbhm9zJAkpSQh4QUBYiW8pPznrLeH34NqQxTmFHY1ot3d7wFZoSGIDZ0wFBd5CDzFNP0h5A==",
      "requires": {
        "bsert": "~0.0.5"
      },
      "dependencies": {
        "bsert": {
          "version": "0.0.5",
          "resolved": "https://registry.npmjs.org/bsert/-/bsert-0.0.5.tgz",
          "integrity": "sha512-prgSa82RHcsdEM7SKYl1S7j0tKeiE3SF8C3B39MyUrpbP66diJK16RIkbFC2pXvQx4xitN0xMgBHKBAgBldX1w=="
        }
      }
    },
    "blru": {
      "version": "0.1.4",
      "resolved": "https://registry.npmjs.org/blru/-/blru-0.1.4.tgz",
      "integrity": "sha512-qq82TVa2GDcjv/BswxH7hpDZEr2Cu8XLVoHmLt7jZMAHKZ3jzTtyQCsuUOZXILpOwduqB8AC6R79bvclNWwRKw==",
      "requires": {
        "bsert": "~0.0.5"
      },
      "dependencies": {
        "bsert": {
          "version": "0.0.5",
          "resolved": "https://registry.npmjs.org/bsert/-/bsert-0.0.5.tgz",
          "integrity": "sha512-prgSa82RHcsdEM7SKYl1S7j0tKeiE3SF8C3B39MyUrpbP66diJK16RIkbFC2pXvQx4xitN0xMgBHKBAgBldX1w=="
        }
      }
    },
    "blst": {
      "version": "0.1.3",
      "resolved": "https://registry.npmjs.org/blst/-/blst-0.1.3.tgz",
      "integrity": "sha512-bDZC68tjfflVuC7OGy+vlF6VtlW1Jtk8isH2116LoCLE9MCgTu2N2yTaT5CFuUF3yB1s0gGiWVR3uJpF+27HFw==",
      "requires": {
        "bsert": "~0.0.5"
      },
      "dependencies": {
        "bsert": {
          "version": "0.0.5",
          "resolved": "https://registry.npmjs.org/bsert/-/bsert-0.0.5.tgz",
          "integrity": "sha512-prgSa82RHcsdEM7SKYl1S7j0tKeiE3SF8C3B39MyUrpbP66diJK16RIkbFC2pXvQx4xitN0xMgBHKBAgBldX1w=="
        }
      }
    },
    "bmutex": {
      "version": "0.1.4",
      "resolved": "https://registry.npmjs.org/bmutex/-/bmutex-0.1.4.tgz",
      "integrity": "sha512-uSlUggS46kO/ziGZQKVE6nMbZrrlhmG+uw/VgBi54dkDO32DLTTlSQsLeRQHeKj4Zl+B389Pmizvz5J+VYYKFw==",
      "requires": {
        "bsert": "~0.0.5"
      },
      "dependencies": {
        "bsert": {
          "version": "0.0.5",
          "resolved": "https://registry.npmjs.org/bsert/-/bsert-0.0.5.tgz",
          "integrity": "sha512-prgSa82RHcsdEM7SKYl1S7j0tKeiE3SF8C3B39MyUrpbP66diJK16RIkbFC2pXvQx4xitN0xMgBHKBAgBldX1w=="
        }
      }
    },
    "brq": {
      "version": "0.1.4",
      "resolved": "https://registry.npmjs.org/brq/-/brq-0.1.4.tgz",
      "integrity": "sha512-VPQtZgDjc3awXuzpuGrjuJtqsImDKrj7z4tVWC2bMafutD4Efx50otZMyxvQzJlQz3kXK3uAKonrHLKWy0Yo+A==",
      "requires": {
        "bsert": "~0.0.5"
      },
      "dependencies": {
        "bsert": {
          "version": "0.0.5",
          "resolved": "https://registry.npmjs.org/bsert/-/bsert-0.0.5.tgz",
          "integrity": "sha512-prgSa82RHcsdEM7SKYl1S7j0tKeiE3SF8C3B39MyUrpbP66diJK16RIkbFC2pXvQx4xitN0xMgBHKBAgBldX1w=="
        }
      }
    },
    "bs32": {
      "version": "0.1.3",
      "resolved": "https://registry.npmjs.org/bs32/-/bs32-0.1.3.tgz",
      "integrity": "sha512-pTVLcFJxmAUMjtfLqaBkqCPybquBQCjxKcpVIYEDqPpXIabctuNTnK+6W4Z8WcGyLJijkAWU9ZOI9xARexT8uQ==",
      "requires": {
        "bsert": "~0.0.5"
      },
      "dependencies": {
        "bsert": {
          "version": "0.0.5",
          "resolved": "https://registry.npmjs.org/bsert/-/bsert-0.0.5.tgz",
          "integrity": "sha512-prgSa82RHcsdEM7SKYl1S7j0tKeiE3SF8C3B39MyUrpbP66diJK16RIkbFC2pXvQx4xitN0xMgBHKBAgBldX1w=="
        }
      }
    },
    "bsert": {
      "version": "0.0.4",
      "resolved": "https://registry.npmjs.org/bsert/-/bsert-0.0.4.tgz",
      "integrity": "sha512-VReLe1aTaHRmf80YLOHUk8ONQ48SjseZP76GlNIDheD5REYByn/Mm9yrtI0/ZCaFrcfxzgpiw1/hMMCUOSMa3w=="
    },
    "bsip": {
      "version": "0.1.4",
      "resolved": "https://registry.npmjs.org/bsip/-/bsip-0.1.4.tgz",
      "integrity": "sha512-ZC5Dsa5k1+24DorSOgXeDgV9f7OxLcvZiXDYYjHN1mkW8OF/abNSKlogDgVrx/znpAAZ1yJPkWgrub/FsIxEmA==",
      "requires": {
        "bindings": "~1.3.1",
        "bsert": "~0.0.5",
        "nan": "~2.11.1"
      },
      "dependencies": {
        "bindings": {
          "version": "1.3.1",
          "resolved": "https://registry.npmjs.org/bindings/-/bindings-1.3.1.tgz",
          "integrity": "sha512-i47mqjF9UbjxJhxGf+pZ6kSxrnI3wBLlnGI2ArWJ4r0VrvDS7ZYXkprq/pLaBWYq4GM0r4zdHY+NNRqEMU7uew=="
        },
        "bsert": {
          "version": "0.0.5",
          "resolved": "https://registry.npmjs.org/bsert/-/bsert-0.0.5.tgz",
          "integrity": "sha512-prgSa82RHcsdEM7SKYl1S7j0tKeiE3SF8C3B39MyUrpbP66diJK16RIkbFC2pXvQx4xitN0xMgBHKBAgBldX1w=="
        },
        "nan": {
          "version": "2.11.1",
          "resolved": "https://registry.npmjs.org/nan/-/nan-2.11.1.tgz",
          "integrity": "sha512-iji6k87OSXa0CcrLl9z+ZiYSuR2o+c0bGuNmXdrhTQTakxytAFsC56SArGYoiHlJlFoHSnvmhpceZJaXkVuOtA=="
        }
      }
    },
    "bsock": {
      "version": "0.1.4",
      "resolved": "https://registry.npmjs.org/bsock/-/bsock-0.1.4.tgz",
      "integrity": "sha512-3hfPScf58kC13udMqXL/GiBubUOmwwMaTljIY8xJI0pO2uOmAaDyBCqT/PiteXRHHC1lDinK2wkFayc4xX92Wg==",
      "requires": {
        "bsert": "~0.0.5"
      },
      "dependencies": {
        "bsert": {
          "version": "0.0.5",
          "resolved": "https://registry.npmjs.org/bsert/-/bsert-0.0.5.tgz",
          "integrity": "sha512-prgSa82RHcsdEM7SKYl1S7j0tKeiE3SF8C3B39MyUrpbP66diJK16RIkbFC2pXvQx4xitN0xMgBHKBAgBldX1w=="
        }
      }
    },
    "bsocks": {
      "version": "0.2.3",
      "resolved": "https://registry.npmjs.org/bsocks/-/bsocks-0.2.3.tgz",
      "integrity": "sha512-Mc6yqYNqPHaZkYYppCctrsZUmoISGBZQmjKnd4P8xxKeKH4KnM0JZJigF6y0QTRjq+e/+7AvSSxoSsUeGh7CYQ==",
      "requires": {
        "binet": "~0.3.3",
        "bsert": "~0.0.5"
      },
      "dependencies": {
        "bsert": {
          "version": "0.0.5",
          "resolved": "https://registry.npmjs.org/bsert/-/bsert-0.0.5.tgz",
          "integrity": "sha512-prgSa82RHcsdEM7SKYl1S7j0tKeiE3SF8C3B39MyUrpbP66diJK16RIkbFC2pXvQx4xitN0xMgBHKBAgBldX1w=="
        }
      }
    },
    "bstring": {
      "version": "0.3.4",
      "resolved": "https://registry.npmjs.org/bstring/-/bstring-0.3.4.tgz",
      "integrity": "sha512-SZztleIswrgkqF2fn/8/sqdYYg9hNb6hqc1wTCjUsE2t3l0vxiwWJ6yF24iK4/qDoa38Nozgw39TVHiCVo/IgQ==",
      "requires": {
        "bindings": "~1.3.1",
        "bsert": "~0.0.5",
        "nan": "~2.11.1"
      },
      "dependencies": {
        "bindings": {
          "version": "1.3.1",
          "resolved": "https://registry.npmjs.org/bindings/-/bindings-1.3.1.tgz",
          "integrity": "sha512-i47mqjF9UbjxJhxGf+pZ6kSxrnI3wBLlnGI2ArWJ4r0VrvDS7ZYXkprq/pLaBWYq4GM0r4zdHY+NNRqEMU7uew=="
        },
        "bsert": {
          "version": "0.0.5",
          "resolved": "https://registry.npmjs.org/bsert/-/bsert-0.0.5.tgz",
          "integrity": "sha512-prgSa82RHcsdEM7SKYl1S7j0tKeiE3SF8C3B39MyUrpbP66diJK16RIkbFC2pXvQx4xitN0xMgBHKBAgBldX1w=="
        },
        "nan": {
          "version": "2.11.1",
          "resolved": "https://registry.npmjs.org/nan/-/nan-2.11.1.tgz",
          "integrity": "sha512-iji6k87OSXa0CcrLl9z+ZiYSuR2o+c0bGuNmXdrhTQTakxytAFsC56SArGYoiHlJlFoHSnvmhpceZJaXkVuOtA=="
        }
      }
    },
    "btcp": {
      "version": "0.1.3",
      "resolved": "https://registry.npmjs.org/btcp/-/btcp-0.1.3.tgz",
      "integrity": "sha512-5UV2yOHOwpIhAVqUqiC7MyHdX4coTJPcOnJik3guV+99cVo5ZK/2oKb/w+e2PBxLrsy2c93EF5/DamzmG1QqSA=="
    },
    "buffer-map": {
      "version": "0.0.4",
      "resolved": "https://registry.npmjs.org/buffer-map/-/buffer-map-0.0.4.tgz",
      "integrity": "sha512-n7GGQ9zuFPTTSWtgYduEddvdNZsM8sO19c0dTKfia3SqMYkDJYnyVOG+YOvXUmcpp97yhzLYzWB4QzK4NlaoJg=="
    },
    "bufio": {
      "version": "1.0.1",
      "resolved": "https://registry.npmjs.org/bufio/-/bufio-1.0.1.tgz",
      "integrity": "sha512-yPe6AIUmbRCSXNrg6tBXc7E3FDnkcwLH2I8/G50bgfsUNVldFM7v42lsO1K8UPlcfTYm/GwRuEXsdSxX4L8lvA=="
    },
    "bupnp": {
      "version": "0.2.4",
      "resolved": "https://registry.npmjs.org/bupnp/-/bupnp-0.2.4.tgz",
      "integrity": "sha512-7H1zZkX4Jba+CmY1sxAuceIZoEXAYGi767chlBrGfqFwwf1Bt4DYMsAw65Xxdu/zsLd2nsUSXliV20Txdf76xw==",
      "requires": {
        "binet": "~0.3.3",
        "brq": "~0.1.4",
        "bsert": "~0.0.5"
      },
      "dependencies": {
        "bsert": {
          "version": "0.0.5",
          "resolved": "https://registry.npmjs.org/bsert/-/bsert-0.0.5.tgz",
          "integrity": "sha512-prgSa82RHcsdEM7SKYl1S7j0tKeiE3SF8C3B39MyUrpbP66diJK16RIkbFC2pXvQx4xitN0xMgBHKBAgBldX1w=="
        }
      }
    },
    "bval": {
      "version": "0.1.4",
      "resolved": "https://registry.npmjs.org/bval/-/bval-0.1.4.tgz",
      "integrity": "sha512-mCPe86NoWCCO/W4Yvx6dfA2Tr45wP3NAKCeZvwN01ODj5ecdllaD/UHthVjH16/yZa59nxtrA2sBi6Mi83QmXg==",
      "requires": {
        "bsert": "~0.0.5"
      },
      "dependencies": {
        "bsert": {
          "version": "0.0.5",
          "resolved": "https://registry.npmjs.org/bsert/-/bsert-0.0.5.tgz",
          "integrity": "sha512-prgSa82RHcsdEM7SKYl1S7j0tKeiE3SF8C3B39MyUrpbP66diJK16RIkbFC2pXvQx4xitN0xMgBHKBAgBldX1w=="
        }
      }
    },
    "bweb": {
      "version": "0.1.6",
      "resolved": "https://registry.npmjs.org/bweb/-/bweb-0.1.6.tgz",
      "integrity": "sha512-Fuyi0DrtpeQbXO0Srg8JtHWM+t5/XPFcXcXcu61zU3lVeYrYdcITu6+I+qKy6v9esRWbvc+yh117lz9/Wm/Qnw==",
      "requires": {
        "bsert": "~0.0.5",
        "bsock": "~0.1.4"
      },
      "dependencies": {
        "bsert": {
          "version": "0.0.5",
          "resolved": "https://registry.npmjs.org/bsert/-/bsert-0.0.5.tgz",
          "integrity": "sha512-prgSa82RHcsdEM7SKYl1S7j0tKeiE3SF8C3B39MyUrpbP66diJK16RIkbFC2pXvQx4xitN0xMgBHKBAgBldX1w=="
        }
      }
    },
    "math-buffer": {
      "version": "0.1.1",
      "resolved": "http://registry.npmjs.org/math-buffer/-/math-buffer-0.1.1.tgz",
      "integrity": "sha1-Ny0LTUWZdqmo1d46pqW0o0ef/Gg="
    },
    "mrmr": {
      "version": "0.1.4",
      "resolved": "https://registry.npmjs.org/mrmr/-/mrmr-0.1.4.tgz",
      "integrity": "sha512-i2kWXVPLExnVOO7qP861WZxK+pfJ9Rppujfl7lS5sfqWSvQbNz8OouEUgcVk6EsRiH4tDHx6yM6LQQhl0jrjXw==",
      "requires": {
        "bindings": "~1.3.1",
        "bsert": "~0.0.5",
        "nan": "~2.11.1"
      },
      "dependencies": {
        "bindings": {
          "version": "1.3.1",
          "resolved": "https://registry.npmjs.org/bindings/-/bindings-1.3.1.tgz",
          "integrity": "sha512-i47mqjF9UbjxJhxGf+pZ6kSxrnI3wBLlnGI2ArWJ4r0VrvDS7ZYXkprq/pLaBWYq4GM0r4zdHY+NNRqEMU7uew=="
        },
        "bsert": {
          "version": "0.0.5",
          "resolved": "https://registry.npmjs.org/bsert/-/bsert-0.0.5.tgz",
          "integrity": "sha512-prgSa82RHcsdEM7SKYl1S7j0tKeiE3SF8C3B39MyUrpbP66diJK16RIkbFC2pXvQx4xitN0xMgBHKBAgBldX1w=="
        },
        "nan": {
          "version": "2.11.1",
          "resolved": "https://registry.npmjs.org/nan/-/nan-2.11.1.tgz",
          "integrity": "sha512-iji6k87OSXa0CcrLl9z+ZiYSuR2o+c0bGuNmXdrhTQTakxytAFsC56SArGYoiHlJlFoHSnvmhpceZJaXkVuOtA=="
        }
      }
    },
    "n64": {
      "version": "0.2.5",
      "resolved": "https://registry.npmjs.org/n64/-/n64-0.2.5.tgz",
      "integrity": "sha512-wry9grq4tNsxvpW2hqXNJIxqv9pT3+NEs/nyg9z5nKQ4QCB6b9IF2DSpVBEC/9fxX6c6G5hJ+SzK/Iv2k+896w=="
    },
    "nan": {
      "version": "2.10.0",
      "resolved": "https://registry.npmjs.org/nan/-/nan-2.10.0.tgz",
      "integrity": "sha512-bAdJv7fBLhWC+/Bls0Oza+mvTaNQtP+1RyhhhvD95pgUJz6XM5IzgmxOkItJ9tkoCiplvAnXI1tNmmUD/eScyA=="
    },
    "p-event": {
      "version": "2.1.0",
      "resolved": "https://registry.npmjs.org/p-event/-/p-event-2.1.0.tgz",
      "integrity": "sha512-sDEpDVnzLGlJj3k590uUdpfEUySP5yAYlvfTCu5hTDvSTXQVecYWKcEwdO49PrZlnJ5wkfAvtawnno/jyXeqvA==",
      "requires": {
        "p-timeout": "^2.0.1"
      }
    },
    "p-finally": {
      "version": "1.0.0",
      "resolved": "https://registry.npmjs.org/p-finally/-/p-finally-1.0.0.tgz",
      "integrity": "sha1-P7z7FbiZpEEjs0ttzBi3JDNqLK4="
    },
    "p-timeout": {
      "version": "2.0.1",
      "resolved": "https://registry.npmjs.org/p-timeout/-/p-timeout-2.0.1.tgz",
      "integrity": "sha512-88em58dDVB/KzPEx1X0N3LwFfYZPyDc4B6eF38M1rk9VTZMbxXXgjugz8mmwpS9Ox4BDZ+t6t3QP5+/gazweIA==",
      "requires": {
        "p-finally": "^1.0.0"
      }
    }
  }
}
