# THIS IS AN AUTOGENERATED FILE. DO NOT EDIT THIS FILE DIRECTLY.
# yarn lockfile v1


abstract-leveldown@~5.0.0:
  version "5.0.0"
  resolved "https://registry.yarnpkg.com/abstract-leveldown/-/abstract-leveldown-5.0.0.tgz#f7128e1f86ccabf7d2893077ce5d06d798e386c6"
  dependencies:
    xtend "~4.0.0"

ansi-regex@^2.0.0:
  version "2.1.1"
  resolved "https://registry.yarnpkg.com/ansi-regex/-/ansi-regex-2.1.1.tgz#c3b33ab5ee360d86e0e628f0468ae7ef27d654df"

ansi-regex@^3.0.0:
  version "3.0.0"
  resolved "https://registry.yarnpkg.com/ansi-regex/-/ansi-regex-3.0.0.tgz#ed0317c322064f79466c02966bddb605ab37d998"

aproba@^1.0.3:
  version "1.2.0"
  resolved "https://registry.yarnpkg.com/aproba/-/aproba-1.2.0.tgz#6802e6264efd18c790a1b0d517f0f2627bf2c94a"

are-we-there-yet@~1.1.2:
  version "1.1.5"
  resolved "https://registry.yarnpkg.com/are-we-there-yet/-/are-we-there-yet-1.1.5.tgz#4b35c2944f062a8bfcda66410760350fe9ddfc21"
  dependencies:
    delegates "^1.0.0"
    readable-stream "^2.0.6"

"bcash@https://github.com/bcoin-org/bcash":
  version "1.0.2"
  resolved "https://github.com/bcoin-org/bcash#28cf1ef88eb86202784fd9e98621934ec4a9094d"
  dependencies:
    bcfg "~0.1.2"
    bclient "~0.1.3"
    bcrypto "~1.1.0"
    bdb "~1.1.0"
    bdns "~0.1.1"
    bevent "~0.1.1"
    bfile "~0.1.1"
    bfilter "~1.0.0"
    bheep "~0.1.1"
    binet "~0.3.1"
    blgr "~0.1.1"
    blru "~0.1.2"
    blst "~0.1.1"
    bmutex "~0.1.2"
    bsert "~0.0.4"
    bsip "~0.1.1"
    bsock "~0.1.2"
    bsocks "~0.2.1"
    bstring "~0.2.0"
    btcp "~0.1.1"
    buffer-map "~0.0.2"
    bufio "~1.0.1"
    bupnp "~0.2.2"
    bval "~0.1.2"
    bweb "~0.1.3"
    mrmr "~0.1.1"
    n64 "~0.2.1"

bcfg@~0.1.0, bcfg@~0.1.2:
  version "0.1.2"
  resolved "https://registry.yarnpkg.com/bcfg/-/bcfg-0.1.2.tgz#777b3fb76d4e3323378fa0fde739a50f88d001b5"
  dependencies:
    bsert "~0.0.3"

bclient@~0.1.1, bclient@~0.1.3:
  version "0.1.3"
  resolved "https://registry.yarnpkg.com/bclient/-/bclient-0.1.3.tgz#a907eacdacd07018da06b32e0f9eb38dd3817fd8"
  dependencies:
    bcfg "~0.1.2"
    bcurl "~0.1.2"
    bsert "~0.0.3"

bcoin@^1.0.2:
  version "1.0.2"
  resolved "https://registry.yarnpkg.com/bcoin/-/bcoin-1.0.2.tgz#6fe53bd70d249e3097ccfb29c838457024302d85"
  dependencies:
    bcfg "~0.1.0"
    bclient "~0.1.1"
    bcrypto "~0.3.7"
    bdb "~0.2.1"
    bdns "~0.1.0"
    bevent "~0.1.0"
    bfile "~0.1.0"
    bfilter "~0.2.0"
    bheep "~0.1.0"
    binet "~0.3.0"
    blgr "~0.1.0"
    blru "~0.1.0"
    blst "~0.1.0"
    bmutex "~0.1.0"
    bn.js "~4.11.8"
    bsip "~0.1.0"
    bsock "~0.1.0"
    bsocks "~0.2.0"
    bstring "~0.1.0"
    btcp "~0.1.0"
    bufio "~0.2.0"
    bupnp "~0.2.1"
    bval "~0.1.0"
    bweb "~0.1.1"
    mrmr "~0.1.0"
    n64 "~0.2.0"

bcrypto@~0.3.7:
  version "0.3.7"
  resolved "https://registry.yarnpkg.com/bcrypto/-/bcrypto-0.3.7.tgz#cde4d87bf4f0d9fc057f66d0ad4d50fcee26a05c"
  dependencies:
    bindings "~1.3.0"
    bn.js "~4.11.8"
    bufio "~0.2.0"
    elliptic "~6.4.0"
    nan "~2.10.0"
    secp256k1 "3.5.0"

bcrypto@~1.1.0:
  version "1.1.0"
  resolved "https://registry.yarnpkg.com/bcrypto/-/bcrypto-1.1.0.tgz#e2e9aa037b8914cc46efbb5933bd8603a3492099"
  dependencies:
    bindings "~1.3.0"
    bsert "~0.0.4"
    bufio "~1.0.1"
    nan "~2.10.0"

bcurl@~0.1.2:
  version "0.1.2"
  resolved "https://registry.yarnpkg.com/bcurl/-/bcurl-0.1.2.tgz#b13b86924f353114938fd17aa54a49cbba2498de"
  dependencies:
    brq "~0.1.2"
    bsert "~0.0.3"
    bsock "~0.1.1"

bdb@~0.2.1:
  version "0.2.3"
  resolved "https://registry.yarnpkg.com/bdb/-/bdb-0.2.3.tgz#6c736ffed5b7e8798c0841f9910af2dcd105b416"
  dependencies:
    bsert "~0.0.3"
    leveldown "4.0.1"

bdb@~1.1.0:
  version "1.1.0"
  resolved "https://registry.yarnpkg.com/bdb/-/bdb-1.1.0.tgz#94e4c1d2f75ff4c8fa5031786e41bcd0c473e19e"
  dependencies:
    bindings "~1.3.0"
    bsert "~0.0.4"
    nan "~2.10.0"

bdns@~0.1.0, bdns@~0.1.1:
  version "0.1.1"
  resolved "https://registry.yarnpkg.com/bdns/-/bdns-0.1.1.tgz#744f3d717447550b4417dc4a290335e422f86e23"
  dependencies:
    bsert "~0.0.3"

bevent@~0.1.0, bevent@~0.1.1:
  version "0.1.1"
  resolved "https://registry.yarnpkg.com/bevent/-/bevent-0.1.1.tgz#9b2cc546053a6db80dc4ad8cfc390c6fe734a83b"
  dependencies:
    bsert "~0.0.3"

bfile@~0.1.0, bfile@~0.1.1:
  version "0.1.1"
  resolved "https://registry.yarnpkg.com/bfile/-/bfile-0.1.1.tgz#ca910f4d049b79c645cd91b17be31e6dccd17401"

bfilter@~0.2.0:
  version "0.2.0"
  resolved "https://registry.yarnpkg.com/bfilter/-/bfilter-0.2.0.tgz#c90ba922aee1426c0d7b6caf4da91dbf10dda760"
  dependencies:
    bufio "~0.2.0"
    mrmr "~0.1.0"

bfilter@~1.0.0:
  version "1.0.0"
  resolved "https://registry.yarnpkg.com/bfilter/-/bfilter-1.0.0.tgz#ba7c82865c45c4f7dc53fecf286b534799922fe2"
  dependencies:
    bsert "~0.0.3"
    bufio "~1.0.1"
    mrmr "~0.1.1"

bheep@~0.1.0, bheep@~0.1.1:
  version "0.1.1"
  resolved "https://registry.yarnpkg.com/bheep/-/bheep-0.1.1.tgz#aec8b5562ca67461d998d19c35bd4f2914a9b6eb"
  dependencies:
    bsert "~0.0.3"

bindings@^1.2.1, bindings@~1.3.0:
  version "1.3.0"
  resolved "https://registry.yarnpkg.com/bindings/-/bindings-1.3.0.tgz#b346f6ecf6a95f5a815c5839fc7cdb22502f1ed7"

binet@~0.3.0, binet@~0.3.1:
  version "0.3.1"
  resolved "https://registry.yarnpkg.com/binet/-/binet-0.3.1.tgz#810eaba3f1292cd7a32d2e106a09d6e8bcc6e4a8"
  dependencies:
    bs32 "~0.1.1"
    bsert "~0.0.3"

bip66@^1.1.3:
  version "1.1.5"
  resolved "https://registry.yarnpkg.com/bip66/-/bip66-1.1.5.tgz#01fa8748785ca70955d5011217d1b3139969ca22"
  dependencies:
    safe-buffer "^5.0.1"

bl@^1.0.0:
  version "1.2.2"
  resolved "https://registry.yarnpkg.com/bl/-/bl-1.2.2.tgz#a160911717103c07410cef63ef51b397c025af9c"
  dependencies:
    readable-stream "^2.3.5"
    safe-buffer "^5.1.1"

blgr@~0.1.0, blgr@~0.1.1:
  version "0.1.1"
  resolved "https://registry.yarnpkg.com/blgr/-/blgr-0.1.1.tgz#20991ed44ae1cf01155b66ee982eee99a7cbe3ff"
  dependencies:
    bsert "~0.0.3"

blru@~0.1.0, blru@~0.1.2:
  version "0.1.2"
  resolved "https://registry.yarnpkg.com/blru/-/blru-0.1.2.tgz#afff956185c1565543c99c85d2c03a711443aff1"
  dependencies:
    bsert "~0.0.3"

blst@~0.1.0, blst@~0.1.1:
  version "0.1.1"
  resolved "https://registry.yarnpkg.com/blst/-/blst-0.1.1.tgz#8ef5ec3425b6812feb8bef0c19c61ffb5a307ece"
  dependencies:
    bsert "~0.0.3"

bmutex@~0.1.0, bmutex@~0.1.2:
  version "0.1.2"
  resolved "https://registry.yarnpkg.com/bmutex/-/bmutex-0.1.2.tgz#d23e5285a5aadbadd568e0e4eb7ac4bf73371eac"
  dependencies:
    bsert "~0.0.3"

bn.js@^4.11.3, bn.js@^4.4.0, bn.js@~4.11.8:
  version "4.11.8"
  resolved "https://registry.yarnpkg.com/bn.js/-/bn.js-4.11.8.tgz#2cde09eb5ee341f484746bb0309b3253b1b1442f"

brorand@^1.0.1:
  version "1.1.0"
  resolved "https://registry.yarnpkg.com/brorand/-/brorand-1.1.0.tgz#12c25efe40a45e3c323eb8675a0a0ce57b22371f"

browserify-aes@^1.0.6:
  version "1.2.0"
  resolved "http://registry.npmjs.org/browserify-aes/-/browserify-aes-1.2.0.tgz#326734642f403dabc3003209853bb70ad428ef48"
  dependencies:
    buffer-xor "^1.0.3"
    cipher-base "^1.0.0"
    create-hash "^1.1.0"
    evp_bytestokey "^1.0.3"
    inherits "^2.0.1"
    safe-buffer "^5.0.1"

brq@~0.1.2:
  version "0.1.2"
  resolved "https://registry.yarnpkg.com/brq/-/brq-0.1.2.tgz#2a19dc2a784348b708338ee99e67044ef84a1c23"
  dependencies:
    bsert "~0.0.3"

bs32@~0.1.1:
  version "0.1.1"
  resolved "https://registry.yarnpkg.com/bs32/-/bs32-0.1.1.tgz#7c1733b1df71a345c3275e4c21e71140b80bca14"
  dependencies:
    bsert "~0.0.3"

bsert@~0.0.3, bsert@~0.0.4:
  version "0.0.4"
  resolved "https://registry.yarnpkg.com/bsert/-/bsert-0.0.4.tgz#2b3c236357923f0625f948802a5f9b66c0383d0b"

bsip@~0.1.0, bsip@~0.1.1:
  version "0.1.1"
  resolved "https://registry.yarnpkg.com/bsip/-/bsip-0.1.1.tgz#71cab03c23f315c94c6c3712da6445224e735a58"
  dependencies:
    bindings "~1.3.0"
    bsert "~0.0.3"
    nan "~2.10.0"

bsock@~0.1.0, bsock@~0.1.1, bsock@~0.1.2:
  version "0.1.2"
  resolved "https://registry.yarnpkg.com/bsock/-/bsock-0.1.2.tgz#40c45b0196992251feb14eafee704979b5147a79"
  dependencies:
    bsert "~0.0.3"

bsocks@~0.2.0, bsocks@~0.2.1:
  version "0.2.1"
  resolved "https://registry.yarnpkg.com/bsocks/-/bsocks-0.2.1.tgz#fe412c57f5a07f2cf538cf2c39bb7ee265ccc387"
  dependencies:
    binet "~0.3.1"
    bsert "~0.0.3"

bstring@~0.1.0:
  version "0.1.1"
  resolved "https://registry.yarnpkg.com/bstring/-/bstring-0.1.1.tgz#31bf65760f3dc18d6b30535995acc5859ad8495f"
  dependencies:
    bindings "~1.3.0"
    bsert "~0.0.3"
    nan "~2.10.0"

bstring@~0.2.0:
  version "0.2.0"
  resolved "https://registry.yarnpkg.com/bstring/-/bstring-0.2.0.tgz#9291138a3e367dd0cbd42544f96c41291da86e24"
  dependencies:
    bindings "~1.3.0"
    bsert "~0.0.4"
    n64 "~0.2.1"
    nan "~2.10.0"

btcp@~0.1.0, btcp@~0.1.1:
  version "0.1.1"
  resolved "https://registry.yarnpkg.com/btcp/-/btcp-0.1.1.tgz#2344b626a559fc2171307ee7bfc44356e3b95dc4"

buffer-alloc-unsafe@^1.1.0:
  version "1.1.0"
  resolved "https://registry.yarnpkg.com/buffer-alloc-unsafe/-/buffer-alloc-unsafe-1.1.0.tgz#bd7dc26ae2972d0eda253be061dba992349c19f0"

buffer-alloc@^1.1.0:
  version "1.2.0"
  resolved "https://registry.yarnpkg.com/buffer-alloc/-/buffer-alloc-1.2.0.tgz#890dd90d923a873e08e10e5fd51a57e5b7cce0ec"
  dependencies:
    buffer-alloc-unsafe "^1.1.0"
    buffer-fill "^1.0.0"

buffer-fill@^1.0.0:
  version "1.0.0"
  resolved "https://registry.yarnpkg.com/buffer-fill/-/buffer-fill-1.0.0.tgz#f8f78b76789888ef39f205cd637f68e702122b2c"

buffer-map@~0.0.2:
  version "0.0.2"
  resolved "https://registry.yarnpkg.com/buffer-map/-/buffer-map-0.0.2.tgz#8f0274908416b1d79f74a7f207f3eaa1de9427f2"

buffer-xor@^1.0.3:
  version "1.0.3"
  resolved "https://registry.yarnpkg.com/buffer-xor/-/buffer-xor-1.0.3.tgz#26e61ed1422fb70dd42e6e36729ed51d855fe8d9"

bufio@~0.2.0:
  version "0.2.0"
  resolved "https://registry.yarnpkg.com/bufio/-/bufio-0.2.0.tgz#f3b24d7cfb3472a7e6f1c410d676541a55a70d5f"

bufio@~1.0.1:
  version "1.0.1"
  resolved "https://registry.yarnpkg.com/bufio/-/bufio-1.0.1.tgz#525aab28d354031dd97398bfbb48f3f79282b65f"

bupnp@~0.2.1, bupnp@~0.2.2:
  version "0.2.2"
  resolved "https://registry.yarnpkg.com/bupnp/-/bupnp-0.2.2.tgz#718ac482c57acc7bdb2a969581bdf19de4a1191a"
  dependencies:
    binet "~0.3.1"
    brq "~0.1.2"
    bsert "~0.0.3"

bval@~0.1.0, bval@~0.1.2:
  version "0.1.2"
  resolved "https://registry.yarnpkg.com/bval/-/bval-0.1.2.tgz#f5be3bc78686a54c92ceee48cedf21a9d270f4d1"
  dependencies:
    bsert "~0.0.3"

bweb@~0.1.1, bweb@~0.1.3:
  version "0.1.3"
  resolved "https://registry.yarnpkg.com/bweb/-/bweb-0.1.3.tgz#fd633cf1badf787658a60d5bb2c7ec01517a0ed8"
  dependencies:
    bsert "~0.0.3"
    bsock "~0.1.1"

chownr@^1.0.1:
  version "1.1.1"
  resolved "https://registry.yarnpkg.com/chownr/-/chownr-1.1.1.tgz#54726b8b8fff4df053c42187e801fb4412df1494"

cipher-base@^1.0.0, cipher-base@^1.0.1, cipher-base@^1.0.3:
  version "1.0.4"
  resolved "https://registry.yarnpkg.com/cipher-base/-/cipher-base-1.0.4.tgz#8760e4ecc272f4c363532f926d874aae2c1397de"
  dependencies:
    inherits "^2.0.1"
    safe-buffer "^5.0.1"

code-point-at@^1.0.0:
  version "1.1.0"
  resolved "https://registry.yarnpkg.com/code-point-at/-/code-point-at-1.1.0.tgz#0d070b4d043a5bea33a2f1a40e2edb3d9a4ccf77"

console-control-strings@^1.0.0, console-control-strings@~1.1.0:
  version "1.1.0"
  resolved "https://registry.yarnpkg.com/console-control-strings/-/console-control-strings-1.1.0.tgz#3d7cf4464db6446ea644bf4b39507f9851008e8e"

core-util-is@~1.0.0:
  version "1.0.2"
  resolved "https://registry.yarnpkg.com/core-util-is/-/core-util-is-1.0.2.tgz#b5fd54220aa2bc5ab57aab7140c940754503c1a7"

create-hash@^1.1.0, create-hash@^1.1.2:
  version "1.2.0"
  resolved "http://registry.npmjs.org/create-hash/-/create-hash-1.2.0.tgz#889078af11a63756bcfb59bd221996be3a9ef196"
  dependencies:
    cipher-base "^1.0.1"
    inherits "^2.0.1"
    md5.js "^1.3.4"
    ripemd160 "^2.0.1"
    sha.js "^2.4.0"

create-hmac@^1.1.4:
  version "1.1.7"
  resolved "http://registry.npmjs.org/create-hmac/-/create-hmac-1.1.7.tgz#69170c78b3ab957147b2b8b04572e47ead2243ff"
  dependencies:
    cipher-base "^1.0.3"
    create-hash "^1.1.0"
    inherits "^2.0.1"
    ripemd160 "^2.0.0"
    safe-buffer "^5.0.1"
    sha.js "^2.4.8"

decompress-response@^3.3.0:
  version "3.3.0"
  resolved "https://registry.yarnpkg.com/decompress-response/-/decompress-response-3.3.0.tgz#80a4dd323748384bfa248083622aedec982adff3"
  dependencies:
    mimic-response "^1.0.0"

deep-extend@^0.6.0:
  version "0.6.0"
  resolved "https://registry.yarnpkg.com/deep-extend/-/deep-extend-0.6.0.tgz#c4fa7c95404a17a9c3e8ca7e1537312b736330ac"

delegates@^1.0.0:
  version "1.0.0"
  resolved "https://registry.yarnpkg.com/delegates/-/delegates-1.0.0.tgz#84c6e159b81904fdca59a0ef44cd870d31250f9a"

detect-libc@^1.0.3:
  version "1.0.3"
  resolved "https://registry.yarnpkg.com/detect-libc/-/detect-libc-1.0.3.tgz#fa137c4bd698edf55cd5cd02ac559f91a4c4ba9b"

drbg.js@^1.0.1:
  version "1.0.1"
  resolved "https://registry.yarnpkg.com/drbg.js/-/drbg.js-1.0.1.tgz#3e36b6c42b37043823cdbc332d58f31e2445480b"
  dependencies:
    browserify-aes "^1.0.6"
    create-hash "^1.1.2"
    create-hmac "^1.1.4"

elliptic@^6.2.3, elliptic@~6.4.0:
  version "6.4.1"
  resolved "https://registry.yarnpkg.com/elliptic/-/elliptic-6.4.1.tgz#c2d0b7776911b86722c632c3c06c60f2f819939a"
  dependencies:
    bn.js "^4.4.0"
    brorand "^1.0.1"
    hash.js "^1.0.0"
    hmac-drbg "^1.0.0"
    inherits "^2.0.1"
    minimalistic-assert "^1.0.0"
    minimalistic-crypto-utils "^1.0.0"

end-of-stream@^1.0.0, end-of-stream@^1.1.0:
  version "1.4.1"
  resolved "https://registry.yarnpkg.com/end-of-stream/-/end-of-stream-1.4.1.tgz#ed29634d19baba463b6ce6b80a37213eab71ec43"
  dependencies:
    once "^1.4.0"

evp_bytestokey@^1.0.3:
  version "1.0.3"
  resolved "https://registry.yarnpkg.com/evp_bytestokey/-/evp_bytestokey-1.0.3.tgz#7fcbdb198dc71959432efe13842684e0525acb02"
  dependencies:
    md5.js "^1.3.4"
    safe-buffer "^5.1.1"

expand-template@^1.0.2:
  version "1.1.1"
  resolved "https://registry.yarnpkg.com/expand-template/-/expand-template-1.1.1.tgz#981f188c0c3a87d2e28f559bc541426ff94f21dd"

fast-future@~1.0.2:
  version "1.0.2"
  resolved "https://registry.yarnpkg.com/fast-future/-/fast-future-1.0.2.tgz#8435a9aaa02d79248d17d704e76259301d99280a"

fs-constants@^1.0.0:
  version "1.0.0"
  resolved "https://registry.yarnpkg.com/fs-constants/-/fs-constants-1.0.0.tgz#6be0de9be998ce16af8afc24497b9ee9b7ccd9ad"

gauge@~2.7.3:
  version "2.7.4"
  resolved "https://registry.yarnpkg.com/gauge/-/gauge-2.7.4.tgz#2c03405c7538c39d7eb37b317022e325fb018bf7"
  dependencies:
    aproba "^1.0.3"
    console-control-strings "^1.0.0"
    has-unicode "^2.0.0"
    object-assign "^4.1.0"
    signal-exit "^3.0.0"
    string-width "^1.0.1"
    strip-ansi "^3.0.1"
    wide-align "^1.1.0"

github-from-package@0.0.0:
  version "0.0.0"
  resolved "https://registry.yarnpkg.com/github-from-package/-/github-from-package-0.0.0.tgz#97fb5d96bfde8973313f20e8288ef9a167fa64ce"

has-unicode@^2.0.0:
  version "2.0.1"
  resolved "https://registry.yarnpkg.com/has-unicode/-/has-unicode-2.0.1.tgz#e0e6fe6a28cf51138855e086d1691e771de2a8b9"

hash-base@^3.0.0:
  version "3.0.4"
  resolved "https://registry.yarnpkg.com/hash-base/-/hash-base-3.0.4.tgz#5fc8686847ecd73499403319a6b0a3f3f6ae4918"
  dependencies:
    inherits "^2.0.1"
    safe-buffer "^5.0.1"

hash.js@^1.0.0, hash.js@^1.0.3:
  version "1.1.5"
  resolved "https://registry.yarnpkg.com/hash.js/-/hash.js-1.1.5.tgz#e38ab4b85dfb1e0c40fe9265c0e9b54854c23812"
  dependencies:
    inherits "^2.0.3"
    minimalistic-assert "^1.0.1"

hmac-drbg@^1.0.0:
  version "1.0.1"
  resolved "https://registry.yarnpkg.com/hmac-drbg/-/hmac-drbg-1.0.1.tgz#d2745701025a6c775a6c545793ed502fc0c649a1"
  dependencies:
    hash.js "^1.0.3"
    minimalistic-assert "^1.0.0"
    minimalistic-crypto-utils "^1.0.1"

inherits@^2.0.1, inherits@^2.0.3, inherits@~2.0.3:
  version "2.0.3"
  resolved "https://registry.yarnpkg.com/inherits/-/inherits-2.0.3.tgz#633c2c83e3da42a502f52466022480f4208261de"

ini@~1.3.0:
  version "1.3.5"
  resolved "https://registry.yarnpkg.com/ini/-/ini-1.3.5.tgz#eee25f56db1c9ec6085e0c22778083f596abf927"

is-fullwidth-code-point@^1.0.0:
  version "1.0.0"
  resolved "https://registry.yarnpkg.com/is-fullwidth-code-point/-/is-fullwidth-code-point-1.0.0.tgz#ef9e31386f031a7f0d643af82fde50c457ef00cb"
  dependencies:
    number-is-nan "^1.0.0"

is-fullwidth-code-point@^2.0.0:
  version "2.0.0"
  resolved "https://registry.yarnpkg.com/is-fullwidth-code-point/-/is-fullwidth-code-point-2.0.0.tgz#a3b30a5c4f199183167aaab93beefae3ddfb654f"

isarray@~1.0.0:
  version "1.0.0"
  resolved "https://registry.yarnpkg.com/isarray/-/isarray-1.0.0.tgz#bb935d48582cba168c06834957a54a3e07124f11"

leveldown@4.0.1:
  version "4.0.1"
  resolved "https://registry.yarnpkg.com/leveldown/-/leveldown-4.0.1.tgz#7bc3df93c9fa574feb39ce45a0c4073aa948cfef"
  dependencies:
    abstract-leveldown "~5.0.0"
    bindings "~1.3.0"
    fast-future "~1.0.2"
    nan "~2.10.0"
    prebuild-install "^4.0.0"

md5.js@^1.3.4:
  version "1.3.4"
  resolved "https://registry.yarnpkg.com/md5.js/-/md5.js-1.3.4.tgz#e9bdbde94a20a5ac18b04340fc5764d5b09d901d"
  dependencies:
    hash-base "^3.0.0"
    inherits "^2.0.1"

mimic-response@^1.0.0:
  version "1.0.1"
  resolved "https://registry.yarnpkg.com/mimic-response/-/mimic-response-1.0.1.tgz#4923538878eef42063cb8a3e3b0798781487ab1b"

minimalistic-assert@^1.0.0, minimalistic-assert@^1.0.1:
  version "1.0.1"
  resolved "https://registry.yarnpkg.com/minimalistic-assert/-/minimalistic-assert-1.0.1.tgz#2e194de044626d4a10e7f7fbc00ce73e83e4d5c7"

minimalistic-crypto-utils@^1.0.0, minimalistic-crypto-utils@^1.0.1:
  version "1.0.1"
  resolved "https://registry.yarnpkg.com/minimalistic-crypto-utils/-/minimalistic-crypto-utils-1.0.1.tgz#f6c00c1c0b082246e5c4d99dfb8c7c083b2b582a"

minimist@0.0.8:
  version "0.0.8"
  resolved "http://registry.npmjs.org/minimist/-/minimist-0.0.8.tgz#857fcabfc3397d2625b8228262e86aa7a011b05d"

minimist@^1.2.0:
  version "1.2.0"
  resolved "http://registry.npmjs.org/minimist/-/minimist-1.2.0.tgz#a35008b20f41383eec1fb914f4cd5df79a264284"

mkdirp@^0.5.1:
  version "0.5.1"
  resolved "http://registry.npmjs.org/mkdirp/-/mkdirp-0.5.1.tgz#30057438eac6cf7f8c4767f38648d6697d75c903"
  dependencies:
    minimist "0.0.8"

mrmr@~0.1.0, mrmr@~0.1.1:
  version "0.1.1"
  resolved "https://registry.yarnpkg.com/mrmr/-/mrmr-0.1.1.tgz#1c3c38e835e1046edd4164e68883d6377759447f"
  dependencies:
    bindings "~1.3.0"
    bsert "~0.0.3"
    nan "~2.10.0"

n64@~0.2.0, n64@~0.2.1:
  version "0.2.1"
  resolved "https://registry.yarnpkg.com/n64/-/n64-0.2.1.tgz#5bf780d879df89813a6c73bd4f8f1dd2f910d5a6"

nan@^2.2.1:
  version "2.11.0"
  resolved "https://registry.yarnpkg.com/nan/-/nan-2.11.0.tgz#574e360e4d954ab16966ec102c0c049fd961a099"

nan@~2.10.0:
  version "2.10.0"
  resolved "https://registry.yarnpkg.com/nan/-/nan-2.10.0.tgz#96d0cd610ebd58d4b4de9cc0c6828cda99c7548f"

node-abi@^2.2.0:
  version "2.4.4"
  resolved "https://registry.yarnpkg.com/node-abi/-/node-abi-2.4.4.tgz#410d8968809fe616dc078a181c44a370912f12fd"
  dependencies:
    semver "^5.4.1"

noop-logger@^0.1.1:
  version "0.1.1"
  resolved "https://registry.yarnpkg.com/noop-logger/-/noop-logger-0.1.1.tgz#94a2b1633c4f1317553007d8966fd0e841b6a4c2"

npmlog@^4.0.1:
  version "4.1.2"
  resolved "https://registry.yarnpkg.com/npmlog/-/npmlog-4.1.2.tgz#08a7f2a8bf734604779a9efa4ad5cc717abb954b"
  dependencies:
    are-we-there-yet "~1.1.2"
    console-control-strings "~1.1.0"
    gauge "~2.7.3"
    set-blocking "~2.0.0"

number-is-nan@^1.0.0:
  version "1.0.1"
  resolved "https://registry.yarnpkg.com/number-is-nan/-/number-is-nan-1.0.1.tgz#097b602b53422a522c1afb8790318336941a011d"

object-assign@^4.1.0:
  version "4.1.1"
  resolved "https://registry.yarnpkg.com/object-assign/-/object-assign-4.1.1.tgz#2109adc7965887cfc05cbbd442cac8bfbb360863"

once@^1.3.1, once@^1.4.0:
  version "1.4.0"
  resolved "https://registry.yarnpkg.com/once/-/once-1.4.0.tgz#583b1aa775961d4b113ac17d9c50baef9dd76bd1"
  dependencies:
    wrappy "1"

os-homedir@^1.0.1:
  version "1.0.2"
  resolved "https://registry.yarnpkg.com/os-homedir/-/os-homedir-1.0.2.tgz#ffbc4988336e0e833de0c168c7ef152121aa7fb3"

prebuild-install@^4.0.0:
  version "4.0.0"
  resolved "https://registry.yarnpkg.com/prebuild-install/-/prebuild-install-4.0.0.tgz#206ce8106ce5efa4b6cf062fc8a0a7d93c17f3a8"
  dependencies:
    detect-libc "^1.0.3"
    expand-template "^1.0.2"
    github-from-package "0.0.0"
    minimist "^1.2.0"
    mkdirp "^0.5.1"
    node-abi "^2.2.0"
    noop-logger "^0.1.1"
    npmlog "^4.0.1"
    os-homedir "^1.0.1"
    pump "^2.0.1"
    rc "^1.1.6"
    simple-get "^2.7.0"
    tar-fs "^1.13.0"
    tunnel-agent "^0.6.0"
    which-pm-runs "^1.0.0"

process-nextick-args@~2.0.0:
  version "2.0.0"
  resolved "https://registry.yarnpkg.com/process-nextick-args/-/process-nextick-args-2.0.0.tgz#a37d732f4271b4ab1ad070d35508e8290788ffaa"

pump@^1.0.0:
  version "1.0.3"
  resolved "https://registry.yarnpkg.com/pump/-/pump-1.0.3.tgz#5dfe8311c33bbf6fc18261f9f34702c47c08a954"
  dependencies:
    end-of-stream "^1.1.0"
    once "^1.3.1"

pump@^2.0.1:
  version "2.0.1"
  resolved "https://registry.yarnpkg.com/pump/-/pump-2.0.1.tgz#12399add6e4cf7526d973cbc8b5ce2e2908b3909"
  dependencies:
    end-of-stream "^1.1.0"
    once "^1.3.1"

rc@^1.1.6:
  version "1.2.8"
  resolved "https://registry.yarnpkg.com/rc/-/rc-1.2.8.tgz#cd924bf5200a075b83c188cd6b9e211b7fc0d3ed"
  dependencies:
    deep-extend "^0.6.0"
    ini "~1.3.0"
    minimist "^1.2.0"
    strip-json-comments "~2.0.1"

readable-stream@^2.0.6, readable-stream@^2.3.0, readable-stream@^2.3.5:
  version "2.3.6"
  resolved "http://registry.npmjs.org/readable-stream/-/readable-stream-2.3.6.tgz#b11c27d88b8ff1fbe070643cf94b0c79ae1b0aaf"
  dependencies:
    core-util-is "~1.0.0"
    inherits "~2.0.3"
    isarray "~1.0.0"
    process-nextick-args "~2.0.0"
    safe-buffer "~5.1.1"
    string_decoder "~1.1.1"
    util-deprecate "~1.0.1"

ripemd160@^2.0.0, ripemd160@^2.0.1:
  version "2.0.2"
  resolved "https://registry.yarnpkg.com/ripemd160/-/ripemd160-2.0.2.tgz#a1c1a6f624751577ba5d07914cbc92850585890c"
  dependencies:
    hash-base "^3.0.0"
    inherits "^2.0.1"

safe-buffer@^5.0.1, safe-buffer@^5.1.0, safe-buffer@^5.1.1, safe-buffer@~5.1.0, safe-buffer@~5.1.1:
  version "5.1.2"
  resolved "https://registry.yarnpkg.com/safe-buffer/-/safe-buffer-5.1.2.tgz#991ec69d296e0313747d59bdfd2b745c35f8828d"

secp256k1@3.5.0:
  version "3.5.0"
  resolved "https://registry.yarnpkg.com/secp256k1/-/secp256k1-3.5.0.tgz#677d3b8a8e04e1a5fa381a1ae437c54207b738d0"
  dependencies:
    bindings "^1.2.1"
    bip66 "^1.1.3"
    bn.js "^4.11.3"
    create-hash "^1.1.2"
    drbg.js "^1.0.1"
    elliptic "^6.2.3"
    nan "^2.2.1"
    safe-buffer "^5.1.0"

semver@^5.4.1:
  version "5.5.1"
  resolved "https://registry.yarnpkg.com/semver/-/semver-5.5.1.tgz#7dfdd8814bdb7cabc7be0fb1d734cfb66c940477"

set-blocking@~2.0.0:
  version "2.0.0"
  resolved "https://registry.yarnpkg.com/set-blocking/-/set-blocking-2.0.0.tgz#045f9782d011ae9a6803ddd382b24392b3d890f7"

sha.js@^2.4.0, sha.js@^2.4.8:
  version "2.4.11"
  resolved "http://registry.npmjs.org/sha.js/-/sha.js-2.4.11.tgz#37a5cf0b81ecbc6943de109ba2960d1b26584ae7"
  dependencies:
    inherits "^2.0.1"
    safe-buffer "^5.0.1"

signal-exit@^3.0.0:
  version "3.0.2"
  resolved "https://registry.yarnpkg.com/signal-exit/-/signal-exit-3.0.2.tgz#b5fdc08f1287ea1178628e415e25132b73646c6d"

simple-concat@^1.0.0:
  version "1.0.0"
  resolved "https://registry.yarnpkg.com/simple-concat/-/simple-concat-1.0.0.tgz#7344cbb8b6e26fb27d66b2fc86f9f6d5997521c6"

simple-get@^2.7.0:
  version "2.8.1"
  resolved "https://registry.yarnpkg.com/simple-get/-/simple-get-2.8.1.tgz#0e22e91d4575d87620620bc91308d57a77f44b5d"
  dependencies:
    decompress-response "^3.3.0"
    once "^1.3.1"
    simple-concat "^1.0.0"

string-width@^1.0.1:
  version "1.0.2"
  resolved "https://registry.yarnpkg.com/string-width/-/string-width-1.0.2.tgz#118bdf5b8cdc51a2a7e70d211e07e2b0b9b107d3"
  dependencies:
    code-point-at "^1.0.0"
    is-fullwidth-code-point "^1.0.0"
    strip-ansi "^3.0.0"

"string-width@^1.0.2 || 2":
  version "2.1.1"
  resolved "https://registry.yarnpkg.com/string-width/-/string-width-2.1.1.tgz#ab93f27a8dc13d28cac815c462143a6d9012ae9e"
  dependencies:
    is-fullwidth-code-point "^2.0.0"
    strip-ansi "^4.0.0"

string_decoder@~1.1.1:
  version "1.1.1"
  resolved "https://registry.yarnpkg.com/string_decoder/-/string_decoder-1.1.1.tgz#9cf1611ba62685d7030ae9e4ba34149c3af03fc8"
  dependencies:
    safe-buffer "~5.1.0"

strip-ansi@^3.0.0, strip-ansi@^3.0.1:
  version "3.0.1"
  resolved "https://registry.yarnpkg.com/strip-ansi/-/strip-ansi-3.0.1.tgz#6a385fb8853d952d5ff05d0e8aaf94278dc63dcf"
  dependencies:
    ansi-regex "^2.0.0"

strip-ansi@^4.0.0:
  version "4.0.0"
  resolved "https://registry.yarnpkg.com/strip-ansi/-/strip-ansi-4.0.0.tgz#a8479022eb1ac368a871389b635262c505ee368f"
  dependencies:
    ansi-regex "^3.0.0"

strip-json-comments@~2.0.1:
  version "2.0.1"
  resolved "https://registry.yarnpkg.com/strip-json-comments/-/strip-json-comments-2.0.1.tgz#3c531942e908c2697c0ec344858c286c7ca0a60a"

tar-fs@^1.13.0:
  version "1.16.3"
  resolved "https://registry.yarnpkg.com/tar-fs/-/tar-fs-1.16.3.tgz#966a628841da2c4010406a82167cbd5e0c72d509"
  dependencies:
    chownr "^1.0.1"
    mkdirp "^0.5.1"
    pump "^1.0.0"
    tar-stream "^1.1.2"

tar-stream@^1.1.2:
  version "1.6.1"
  resolved "https://registry.yarnpkg.com/tar-stream/-/tar-stream-1.6.1.tgz#f84ef1696269d6223ca48f6e1eeede3f7e81f395"
  dependencies:
    bl "^1.0.0"
    buffer-alloc "^1.1.0"
    end-of-stream "^1.0.0"
    fs-constants "^1.0.0"
    readable-stream "^2.3.0"
    to-buffer "^1.1.0"
    xtend "^4.0.0"

to-buffer@^1.1.0:
  version "1.1.1"
  resolved "https://registry.yarnpkg.com/to-buffer/-/to-buffer-1.1.1.tgz#493bd48f62d7c43fcded313a03dcadb2e1213a80"

tunnel-agent@^0.6.0:
  version "0.6.0"
  resolved "https://registry.yarnpkg.com/tunnel-agent/-/tunnel-agent-0.6.0.tgz#27a5dea06b36b04a0a9966774b290868f0fc40fd"
  dependencies:
    safe-buffer "^5.0.1"

util-deprecate@~1.0.1:
  version "1.0.2"
  resolved "https://registry.yarnpkg.com/util-deprecate/-/util-deprecate-1.0.2.tgz#450d4dc9fa70de732762fbd2d4a28981419a0ccf"

which-pm-runs@^1.0.0:
  version "1.0.0"
  resolved "https://registry.yarnpkg.com/which-pm-runs/-/which-pm-runs-1.0.0.tgz#670b3afbc552e0b55df6b7780ca74615f23ad1cb"

wide-align@^1.1.0:
  version "1.1.3"
  resolved "https://registry.yarnpkg.com/wide-align/-/wide-align-1.1.3.tgz#ae074e6bdc0c14a431e804e624549c633b000457"
  dependencies:
    string-width "^1.0.2 || 2"

wrappy@1:
  version "1.0.2"
  resolved "https://registry.yarnpkg.com/wrappy/-/wrappy-1.0.2.tgz#b5243d8f3ec1aa35f1364605bc0d1036e30ab69f"

xtend@^4.0.0, xtend@~4.0.0:
  version "4.0.1"
  resolved "https://registry.yarnpkg.com/xtend/-/xtend-4.0.1.tgz#a5c6d532be656e23db820efb943a1f04998d63af"
